
Microsoft Visual Studio Solution File, Format Version 12.00
# Visual Studio Version 17
VisualStudioVersion = 17.5.33530.505
MinimumVisualStudioVersion = 10.0.40219.1
Project("{FAE04EC0-301F-11D3-BF4B-00C04F79EFBC}") = "ComponentAndHttpErrorsHandling", "ErrorHandling\ComponentAndHttpErrorsHandling.csproj", "{54BD8D99-AABD-4DB9-9A2C-D0CB05BEEE6D}"
EndProject
Project("{FAE04EC0-301F-11D3-BF4B-00C04F79EFBC}") = "CatchingErrorFromLayout", "CatchingErrorFromLayout\CatchingErrorFromLayout.csproj", "{1DCB32FE-007B-4B6D-AC6D-03760574ECB7}"
EndProject
Project("{FAE04EC0-301F-11D3-BF4B-00C04F79EFBC}") = "GlobalErrorCatching", "GlobalErrorCatching\GlobalErrorCatching.csproj", "{BCBFD2C8-8CCA-405B-B7EB-2773F12522C5}"
EndProject
Global
	GlobalSection(SolutionConfigurationPlatforms) = preSolution
		Debug|Any CPU = Debug|Any CPU
		Release|Any CPU = Release|Any CPU
	EndGlobalSection
	GlobalSection(ProjectConfigurationPlatforms) = postSolution
		{54BD8D99-AABD-4DB9-9A2C-D0CB05BEEE6D}.Debug|Any CPU.ActiveCfg = Debug|Any CPU
		{54BD8D99-AABD-4DB9-9A2C-D0CB05BEEE6D}.Debug|Any CPU.Build.0 = Debug|Any CPU
		{54BD8D99-AABD-4DB9-9A2C-D0CB05BEEE6D}.Release|Any CPU.ActiveCfg = Release|Any CPU
		{54BD8D99-AABD-4DB9-9A2C-D0CB05BEEE6D}.Release|Any CPU.Build.0 = Release|Any CPU
		{1DCB32FE-007B-4B6D-AC6D-03760574ECB7}.Debug|Any CPU.ActiveCfg = Debug|Any CPU
		{1DCB32FE-007B-4B6D-AC6D-03760574ECB7}.Debug|Any CPU.Build.0 = Debug|Any CPU
		{1DCB32FE-007B-4B6D-AC6D-03760574ECB7}.Release|Any CPU.ActiveCfg = Release|Any CPU
		{1DCB32FE-007B-4B6D-AC6D-03760574ECB7}.Release|Any CPU.Build.0 = Release|Any CPU
		{BCBFD2C8-8CCA-405B-B7EB-2773F12522C5}.Debug|Any CPU.ActiveCfg = Debug|Any CPU
		{BCBFD2C8-8CCA-405B-B7EB-2773F12522C5}.Debug|Any CPU.Build.0 = Debug|Any CPU
		{BCBFD2C8-8CCA-405B-B7EB-2773F12522C5}.Release|Any CPU.ActiveCfg = Release|Any CPU
		{BCBFD2C8-8CCA-405B-B7EB-2773F12522C5}.Release|Any CPU.Build.0 = Release|Any CPU
	EndGlobalSection
	GlobalSection(SolutionProperties) = preSolution
		HideSolutionNode = FALSE
	EndGlobalSection
	GlobalSection(ExtensibilityGlobals) = postSolution
		SolutionGuid = {317897EF-7736-4DF2-899F-EEE537501613}
	EndGlobalSection
EndGlobal
